
Microsoft Visual Studio Solution File, Format Version 12.00
# Visual Studio Version 17
VisualStudioVersion = 17.1.32421.90
MinimumVisualStudioVersion = 10.0.40219.1
Project("{FAE04EC0-301F-11D3-BF4B-00C04F79EFBC}") = "WebV2Hankinnat", "WebV2Hankinnat.csproj", "{33D84E6A-A196-4BE1-8D20-09E2EE889D30}"
EndProject
Global
	GlobalSection(SolutionConfigurationPlatforms) = preSolution
		Debug|Any CPU = Debug|Any CPU
		Release|Any CPU = Release|Any CPU
	EndGlobalSection
	GlobalSection(ProjectConfigurationPlatforms) = postSolution
		{33D84E6A-A196-4BE1-8D20-09E2EE889D30}.Debug|Any CPU.ActiveCfg = Debug|Any CPU
		{33D84E6A-A196-4BE1-8D20-09E2EE889D30}.Debug|Any CPU.Build.0 = Debug|Any CPU
		{33D84E6A-A196-4BE1-8D20-09E2EE889D30}.Release|Any CPU.ActiveCfg = Release|Any CPU
		{33D84E6A-A196-4BE1-8D20-09E2EE889D30}.Release|Any CPU.Build.0 = Release|Any CPU
	EndGlobalSection
	GlobalSection(SolutionProperties) = preSolution
		HideSolutionNode = FALSE
	EndGlobalSection
	GlobalSection(ExtensibilityGlobals) = postSolution
		SolutionGuid = {2897DDB4-B41C-49DD-A5D4-21F025DDD2BA}
	EndGlobalSection
EndGlobal
